dependencies:
- name: common
  repository: oci://registry-1.docker.io/cloudpirates
  version: 1.0.0
- name: mariadb
  repository: oci://registry-1.docker.io/cloudpirates
  version: 0.2.7
digest: sha256:49f8b34756b9430a575ee1bd1d1d40b9489e36af7a1dcaf579ad3970f3949560
generated: "2025-09-18T16:46:21.188225+02:00"
