dependencies:
- name: common
  repository: oci://registry-1.docker.io/cloudpirates
  version: 1.1.1
- name: mariadb
  repository: oci://registry-1.docker.io/cloudpirates
  version: 0.3.0
digest: sha256:4e89daee4a04df25da46810f73b277003ebff8ca938c308ed55214e9a8893183
generated: "2025-09-30T22:09:51.820397+02:00"
