dependencies:
- name: common
  repository: oci://registry-1.docker.io/cloudpirates
  version: 2.0.0
- name: mariadb
  repository: oci://registry-1.docker.io/cloudpirates
  version: 0.4.0
digest: sha256:732fadaa4290d7bcd69b8c7b2b05a75552ac82f188fd0c7b42bf3718bd68c7a1
generated: "2025-10-14T12:59:56.216526+02:00"
