dependencies:
- name: common
  repository: oci://registry-1.docker.io/cloudpirates
  version: 2.0.0
- name: postgres
  repository: oci://registry-1.docker.io/cloudpirates
  version: 0.9.0
- name: mariadb
  repository: oci://registry-1.docker.io/cloudpirates
  version: 0.4.0
digest: sha256:463f4ba9998938275a7f067fe0d027654755735c164f48285ebc219f025d28b9
generated: "2025-10-14T13:20:51.905266+02:00"
