dependencies:
- name: common
  repository: oci://registry-1.docker.io/cloudpirates
  version: 1.1.1
- name: postgres
  repository: oci://registry-1.docker.io/cloudpirates
  version: 0.7.2
- name: mariadb
  repository: oci://registry-1.docker.io/cloudpirates
  version: 0.3.2
digest: sha256:886649f9f78f7bf1f296dabcca5eb8cd0dbd9d0fdb540a327e6a299817fd4b53
generated: "2025-10-07T21:13:04.453964+02:00"
