dependencies:
- name: common
  repository: oci://registry-1.docker.io/cloudpirates
  version: 2.0.0
- name: valkey
  repository: oci://registry-1.docker.io/cloudpirates
  version: 0.8.0
digest: sha256:a25bfa4f54daade4d7568f0f53af85e81bcd2a917d3f53880a9cf499b187f961
generated: "2025-10-28T10:48:53.403163344Z"
