dependencies:
- name: common
  repository: oci://registry-1.docker.io/cloudpirates
  version: 1.1.2
- name: valkey
  repository: oci://registry-1.docker.io/cloudpirates
  version: 0.5.0
digest: sha256:06ad82672c953525425df28163fcc7b1ab5860492b8e730fd1d5273633d8b83f
generated: "2025-10-13T11:54:05.026227+02:00"
