dependencies:
- name: common
  repository: oci://registry-1.docker.io/cloudpirates
  version: 2.0.0
- name: valkey
  repository: oci://registry-1.docker.io/cloudpirates
  version: 0.6.2
digest: sha256:2f3d7a1b2fd31e86774c62d7445b00bdd1cb4bb8891c4fa8c6fbd8adbbfe9b15
generated: "2025-10-23T15:31:45.416679+02:00"
